
Microsoft Visual Studio Solution File, Format Version 12.00
# Visual Studio Version 17
VisualStudioVersion = 17.0.31912.275
MinimumVisualStudioVersion = 10.0.40219.1
Project("{8BC9CEB8-8B4A-11D0-8D11-00A0C91BC942}") = "tema2", "tema2\tema2.vcxproj", "{ACDAE8C9-9A8E-4D4C-9B7A-07D8B5B5E174}"
EndProject
Global
	GlobalSection(SolutionConfigurationPlatforms) = preSolution
		Debug|x64 = Debug|x64
		Debug|x86 = Debug|x86
		Release|x64 = Release|x64
		Release|x86 = Release|x86
	EndGlobalSection
	GlobalSection(ProjectConfigurationPlatforms) = postSolution
		{ACDAE8C9-9A8E-4D4C-9B7A-07D8B5B5E174}.Debug|x64.ActiveCfg = Debug|x64
		{ACDAE8C9-9A8E-4D4C-9B7A-07D8B5B5E174}.Debug|x64.Build.0 = Debug|x64
		{ACDAE8C9-9A8E-4D4C-9B7A-07D8B5B5E174}.Debug|x86.ActiveCfg = Debug|Win32
		{ACDAE8C9-9A8E-4D4C-9B7A-07D8B5B5E174}.Debug|x86.Build.0 = Debug|Win32
		{ACDAE8C9-9A8E-4D4C-9B7A-07D8B5B5E174}.Release|x64.ActiveCfg = Release|x64
		{ACDAE8C9-9A8E-4D4C-9B7A-07D8B5B5E174}.Release|x64.Build.0 = Release|x64
		{ACDAE8C9-9A8E-4D4C-9B7A-07D8B5B5E174}.Release|x86.ActiveCfg = Release|Win32
		{ACDAE8C9-9A8E-4D4C-9B7A-07D8B5B5E174}.Release|x86.Build.0 = Release|Win32
	EndGlobalSection
	GlobalSection(SolutionProperties) = preSolution
		HideSolutionNode = FALSE
	EndGlobalSection
	GlobalSection(ExtensibilityGlobals) = postSolution
		SolutionGuid = {1211BBAD-FA39-4C9F-9C17-EC94A8B1777B}
	EndGlobalSection
EndGlobal
