
Microsoft Visual Studio Solution File, Format Version 12.00
# Visual Studio Version 17
VisualStudioVersion = 17.0.31912.275
MinimumVisualStudioVersion = 10.0.40219.1
Project("{8BC9CEB8-8B4A-11D0-8D11-00A0C91BC942}") = "seminar 3", "seminar 3\seminar 3.vcxproj", "{6DD4D1B7-1E72-474C-89E8-0121868A9A1C}"
EndProject
Global
	GlobalSection(SolutionConfigurationPlatforms) = preSolution
		Debug|x64 = Debug|x64
		Debug|x86 = Debug|x86
		Release|x64 = Release|x64
		Release|x86 = Release|x86
	EndGlobalSection
	GlobalSection(ProjectConfigurationPlatforms) = postSolution
		{6DD4D1B7-1E72-474C-89E8-0121868A9A1C}.Debug|x64.ActiveCfg = Debug|x64
		{6DD4D1B7-1E72-474C-89E8-0121868A9A1C}.Debug|x64.Build.0 = Debug|x64
		{6DD4D1B7-1E72-474C-89E8-0121868A9A1C}.Debug|x86.ActiveCfg = Debug|Win32
		{6DD4D1B7-1E72-474C-89E8-0121868A9A1C}.Debug|x86.Build.0 = Debug|Win32
		{6DD4D1B7-1E72-474C-89E8-0121868A9A1C}.Release|x64.ActiveCfg = Release|x64
		{6DD4D1B7-1E72-474C-89E8-0121868A9A1C}.Release|x64.Build.0 = Release|x64
		{6DD4D1B7-1E72-474C-89E8-0121868A9A1C}.Release|x86.ActiveCfg = Release|Win32
		{6DD4D1B7-1E72-474C-89E8-0121868A9A1C}.Release|x86.Build.0 = Release|Win32
	EndGlobalSection
	GlobalSection(SolutionProperties) = preSolution
		HideSolutionNode = FALSE
	EndGlobalSection
	GlobalSection(ExtensibilityGlobals) = postSolution
		SolutionGuid = {10FBCBC5-62A2-4547-8E95-02F89729D6BE}
	EndGlobalSection
EndGlobal
